
Microsoft Visual Studio Solution File, Format Version 12.00
# Visual Studio Version 16
VisualStudioVersion = 16.0.30503.244
MinimumVisualStudioVersion = 10.0.40219.1
Project("{FAE04EC0-301F-11D3-BF4B-00C04F79EFBC}") = "Config_Test", "Config_Test.csproj", "{8EA3990F-759E-4F13-95A4-D7BFC041A16A}"
EndProject
Global
	GlobalSection(SolutionConfigurationPlatforms) = preSolution
		Debug|Any CPU = Debug|Any CPU
		Release|Any CPU = Release|Any CPU
	EndGlobalSection
	GlobalSection(ProjectConfigurationPlatforms) = postSolution
		{8EA3990F-759E-4F13-95A4-D7BFC041A16A}.Debug|Any CPU.ActiveCfg = Debug|Any CPU
		{8EA3990F-759E-4F13-95A4-D7BFC041A16A}.Debug|Any CPU.Build.0 = Debug|Any CPU
		{8EA3990F-759E-4F13-95A4-D7BFC041A16A}.Release|Any CPU.ActiveCfg = Release|Any CPU
		{8EA3990F-759E-4F13-95A4-D7BFC041A16A}.Release|Any CPU.Build.0 = Release|Any CPU
	EndGlobalSection
	GlobalSection(SolutionProperties) = preSolution
		HideSolutionNode = FALSE
	EndGlobalSection
	GlobalSection(ExtensibilityGlobals) = postSolution
		SolutionGuid = {C32C8718-0D71-46E8-AE11-F7878441D538}
	EndGlobalSection
EndGlobal
